
Microsoft Visual Studio Solution File, Format Version 12.00
Project("{2150E333-8FDC-42A3-9474-1A3956D46DE8}") = "src", "src", "{34FB483B-628B-43D1-A4F9-40A6CB298C2D}"
EndProject
Project("{FAE04EC0-301F-11D3-BF4B-00C04F79EFBC}") = "Web", "Web\Web.csproj", "{2D9912FC-4489-49CF-A860-31EACE28421F}"
EndProject
Project("{FAE04EC0-301F-11D3-BF4B-00C04F79EFBC}") = "Application", "Application\Application.csproj", "{78061B75-0A5F-4BD4-A624-E24DD0EF5E17}"
EndProject
Project("{FAE04EC0-301F-11D3-BF4B-00C04F79EFBC}") = "Domain", "Domain\Domain.csproj", "{F3EFB254-F516-43E7-ACBB-281B6B89257C}"
EndProject
Project("{FAE04EC0-301F-11D3-BF4B-00C04F79EFBC}") = "Infrastructure", "Infrastructure\Infrastructure.csproj", "{34473BCA-F0AB-4AA8-AAF5-D0BFC77C6567}"
EndProject
Project("{FAE04EC0-301F-11D3-BF4B-00C04F79EFBC}") = "Shared", "Shared\Shared.csproj", "{11738E22-F8EA-473B-B841-7BA4C77FB939}"
EndProject
Global
	GlobalSection(SolutionConfigurationPlatforms) = preSolution
		Debug|Any CPU = Debug|Any CPU
		Release|Any CPU = Release|Any CPU
	EndGlobalSection
	GlobalSection(NestedProjects) = preSolution
		{2D9912FC-4489-49CF-A860-31EACE28421F} = {34FB483B-628B-43D1-A4F9-40A6CB298C2D}
		{78061B75-0A5F-4BD4-A624-E24DD0EF5E17} = {34FB483B-628B-43D1-A4F9-40A6CB298C2D}
		{F3EFB254-F516-43E7-ACBB-281B6B89257C} = {34FB483B-628B-43D1-A4F9-40A6CB298C2D}
		{34473BCA-F0AB-4AA8-AAF5-D0BFC77C6567} = {34FB483B-628B-43D1-A4F9-40A6CB298C2D}
		{11738E22-F8EA-473B-B841-7BA4C77FB939} = {34FB483B-628B-43D1-A4F9-40A6CB298C2D}
	EndGlobalSection
	GlobalSection(ProjectConfigurationPlatforms) = postSolution
		{2D9912FC-4489-49CF-A860-31EACE28421F}.Debug|Any CPU.ActiveCfg = Debug|Any CPU
		{2D9912FC-4489-49CF-A860-31EACE28421F}.Debug|Any CPU.Build.0 = Debug|Any CPU
		{2D9912FC-4489-49CF-A860-31EACE28421F}.Release|Any CPU.ActiveCfg = Release|Any CPU
		{2D9912FC-4489-49CF-A860-31EACE28421F}.Release|Any CPU.Build.0 = Release|Any CPU
		{78061B75-0A5F-4BD4-A624-E24DD0EF5E17}.Debug|Any CPU.ActiveCfg = Debug|Any CPU
		{78061B75-0A5F-4BD4-A624-E24DD0EF5E17}.Debug|Any CPU.Build.0 = Debug|Any CPU
		{78061B75-0A5F-4BD4-A624-E24DD0EF5E17}.Release|Any CPU.ActiveCfg = Release|Any CPU
		{78061B75-0A5F-4BD4-A624-E24DD0EF5E17}.Release|Any CPU.Build.0 = Release|Any CPU
		{F3EFB254-F516-43E7-ACBB-281B6B89257C}.Debug|Any CPU.ActiveCfg = Debug|Any CPU
		{F3EFB254-F516-43E7-ACBB-281B6B89257C}.Debug|Any CPU.Build.0 = Debug|Any CPU
		{F3EFB254-F516-43E7-ACBB-281B6B89257C}.Release|Any CPU.ActiveCfg = Release|Any CPU
		{F3EFB254-F516-43E7-ACBB-281B6B89257C}.Release|Any CPU.Build.0 = Release|Any CPU
		{34473BCA-F0AB-4AA8-AAF5-D0BFC77C6567}.Debug|Any CPU.ActiveCfg = Debug|Any CPU
		{34473BCA-F0AB-4AA8-AAF5-D0BFC77C6567}.Debug|Any CPU.Build.0 = Debug|Any CPU
		{34473BCA-F0AB-4AA8-AAF5-D0BFC77C6567}.Release|Any CPU.ActiveCfg = Release|Any CPU
		{34473BCA-F0AB-4AA8-AAF5-D0BFC77C6567}.Release|Any CPU.Build.0 = Release|Any CPU
		{11738E22-F8EA-473B-B841-7BA4C77FB939}.Debug|Any CPU.ActiveCfg = Debug|Any CPU
		{11738E22-F8EA-473B-B841-7BA4C77FB939}.Debug|Any CPU.Build.0 = Debug|Any CPU
		{11738E22-F8EA-473B-B841-7BA4C77FB939}.Release|Any CPU.ActiveCfg = Release|Any CPU
		{11738E22-F8EA-473B-B841-7BA4C77FB939}.Release|Any CPU.Build.0 = Release|Any CPU
	EndGlobalSection
EndGlobal
